
Microsoft Visual Studio Solution File, Format Version 12.00
# Visual Studio Version 17
VisualStudioVersion = 17.0.31919.166
MinimumVisualStudioVersion = 10.0.40219.1
Project("{FAE04EC0-301F-11D3-BF4B-00C04F79EFBC}") = "BankProgect", "BankProgect.csproj", "{0A1F10E0-58AB-4A79-982F-95237A99B4B3}"
EndProject
Project("{FAE04EC0-301F-11D3-BF4B-00C04F79EFBC}") = "BankUser", "BankUser\BankUser.csproj", "{B9ED616F-87E4-46FD-85E5-A15D79A02DB6}"
EndProject
Project("{FAE04EC0-301F-11D3-BF4B-00C04F79EFBC}") = "AccountClassLibrary", "AccountClassLibrary\AccountClassLibrary.csproj", "{0E60D8D5-FB10-4E1F-8803-18B63DE295F8}"
EndProject
Project("{FAE04EC0-301F-11D3-BF4B-00C04F79EFBC}") = "InfrastructClassLibrary", "InfrastructClassLibrary\InfrastructClassLibrary.csproj", "{3E0B8C47-67ED-4261-ADD0-758B5AC51F01}"
EndProject
Global
	GlobalSection(SolutionConfigurationPlatforms) = preSolution
		Debug|Any CPU = Debug|Any CPU
		Release|Any CPU = Release|Any CPU
	EndGlobalSection
	GlobalSection(ProjectConfigurationPlatforms) = postSolution
		{0A1F10E0-58AB-4A79-982F-95237A99B4B3}.Debug|Any CPU.ActiveCfg = Debug|Any CPU
		{0A1F10E0-58AB-4A79-982F-95237A99B4B3}.Debug|Any CPU.Build.0 = Debug|Any CPU
		{0A1F10E0-58AB-4A79-982F-95237A99B4B3}.Release|Any CPU.ActiveCfg = Release|Any CPU
		{0A1F10E0-58AB-4A79-982F-95237A99B4B3}.Release|Any CPU.Build.0 = Release|Any CPU
		{B9ED616F-87E4-46FD-85E5-A15D79A02DB6}.Debug|Any CPU.ActiveCfg = Debug|Any CPU
		{B9ED616F-87E4-46FD-85E5-A15D79A02DB6}.Debug|Any CPU.Build.0 = Debug|Any CPU
		{B9ED616F-87E4-46FD-85E5-A15D79A02DB6}.Release|Any CPU.ActiveCfg = Release|Any CPU
		{B9ED616F-87E4-46FD-85E5-A15D79A02DB6}.Release|Any CPU.Build.0 = Release|Any CPU
		{0E60D8D5-FB10-4E1F-8803-18B63DE295F8}.Debug|Any CPU.ActiveCfg = Debug|Any CPU
		{0E60D8D5-FB10-4E1F-8803-18B63DE295F8}.Debug|Any CPU.Build.0 = Debug|Any CPU
		{0E60D8D5-FB10-4E1F-8803-18B63DE295F8}.Release|Any CPU.ActiveCfg = Release|Any CPU
		{0E60D8D5-FB10-4E1F-8803-18B63DE295F8}.Release|Any CPU.Build.0 = Release|Any CPU
		{3E0B8C47-67ED-4261-ADD0-758B5AC51F01}.Debug|Any CPU.ActiveCfg = Debug|Any CPU
		{3E0B8C47-67ED-4261-ADD0-758B5AC51F01}.Debug|Any CPU.Build.0 = Debug|Any CPU
		{3E0B8C47-67ED-4261-ADD0-758B5AC51F01}.Release|Any CPU.ActiveCfg = Release|Any CPU
		{3E0B8C47-67ED-4261-ADD0-758B5AC51F01}.Release|Any CPU.Build.0 = Release|Any CPU
	EndGlobalSection
	GlobalSection(SolutionProperties) = preSolution
		HideSolutionNode = FALSE
	EndGlobalSection
	GlobalSection(ExtensibilityGlobals) = postSolution
		SolutionGuid = {21E6B09A-835F-4FE4-80F7-3DFFF0110ABA}
	EndGlobalSection
EndGlobal
